{
  "name": "accella",
  "version": "0.0.1",
  "lockfileVersion": 3,
  "requires": true,
  "packages": {
    "": {
      "name": "accella",
      "version": "0.0.1",
      "license": "Apache-2.0",
      "workspaces": [
        "packages/accel-record-core"
      ]
    },
    "node_modules/accel-record-core": {
      "resolved": "packages/accel-record-core",
      "link": true
    },
    "packages/accel-record-core": {
      "version": "0.0.1",
      "license": "Apache-2.0"
    }
  }
}
